// !$*UTF8*$!
{
	archiveVersion = 1;
	classes = {
	};
	objectVersion = 56;
	objects = {

/* Begin PBXBuildFile section */
		0739D9CB2BA61E5900964E96 /* OpenAL.framework in Frameworks */ = {isa = PBXBuildFile; fileRef = 0739D9CA2BA61E5900964E96 /* OpenAL.framework */; };
		0739DA682BB2EBF600964E96 /* DateTime_tests.h in Headers */ = {isa = PBXBuildFile; fileRef = 0739DA4A2BB2EBF500964E96 /* DateTime_tests.h */; };
		0739DA692BB2EBF600964E96 /* Histogram_tests.h in Headers */ = {isa = PBXBuildFile; fileRef = 0739DA4B2BB2EBF500964E96 /* Histogram_tests.h */; };
		0739DA6A2BB2EBF600964E96 /* MachineLearning_tests.h in Headers */ = {isa = PBXBuildFile; fileRef = 0739DA4C2BB2EBF500964E96 /* MachineLearning_tests.h */; };
		0739DA6B2BB2EBF600964E96 /* MarkovChain.h in Headers */ = {isa = PBXBuildFile; fileRef = 0739DA4F2BB2EBF500964E96 /* MarkovChain.h */; };
		0739DA6C2BB2EBF600964E96 /* Uuid.h in Headers */ = {isa = PBXBuildFile; fileRef = 0739DA502BB2EBF500964E96 /* Uuid.h */; };
		0739DA6D2BB2EBF600964E96 /* DateTime.h in Headers */ = {isa = PBXBuildFile; fileRef = 0739DA522BB2EBF600964E96 /* DateTime.h */; };
		0739DA6E2BB2EBF600964E96 /* Math.h in Headers */ = {isa = PBXBuildFile; fileRef = 0739DA532BB2EBF600964E96 /* Math.h */; };
		0739DA6F2BB2EBF600964E96 /* Rand.h in Headers */ = {isa = PBXBuildFile; fileRef = 0739DA542BB2EBF600964E96 /* Rand.h */; };
		0739DA702BB2EBF600964E96 /* FlankDetector.h in Headers */ = {isa = PBXBuildFile; fileRef = 0739DA552BB2EBF600964E96 /* FlankDetector.h */; };
		0739DA712BB2EBF600964E96 /* Histogram.h in Headers */ = {isa = PBXBuildFile; fileRef = 0739DA562BB2EBF600964E96 /* Histogram.h */; };
		0739DA722BB2EBF600964E96 /* Physics.h in Headers */ = {isa = PBXBuildFile; fileRef = 0739DA572BB2EBF600964E96 /* Physics.h */; };
		0739DA732BB2EBF600964E96 /* StlUtils.h in Headers */ = {isa = PBXBuildFile; fileRef = 0739DA582BB2EBF600964E96 /* StlUtils.h */; };
		0739DA742BB2EBF600964E96 /* StringHelper.h in Headers */ = {isa = PBXBuildFile; fileRef = 0739DA592BB2EBF600964E96 /* StringHelper.h */; };
		0739DA752BB2EBF600964E96 /* Delay.h in Headers */ = {isa = PBXBuildFile; fileRef = 0739DA5A2BB2EBF600964E96 /* Delay.h */; };
		0739DA762BB2EBF600964E96 /* mnist_reader_common.h in Headers */ = {isa = PBXBuildFile; fileRef = 0739DA5B2BB2EBF600964E96 /* mnist_reader_common.h */; };
		0739DA772BB2EBF600964E96 /* mnist_reader.h in Headers */ = {isa = PBXBuildFile; fileRef = 0739DA5C2BB2EBF600964E96 /* mnist_reader.h */; };
		0739DA782BB2EBF600964E96 /* mnist_utils.h in Headers */ = {isa = PBXBuildFile; fileRef = 0739DA5D2BB2EBF600964E96 /* mnist_utils.h */; };
		0739DA792BB2EBF600964E96 /* MNIST_Loader.h in Headers */ = {isa = PBXBuildFile; fileRef = 0739DA5F2BB2EBF600964E96 /* MNIST_Loader.h */; };
		0739DA7A2BB2EBF600964E96 /* ann_cnn.h in Headers */ = {isa = PBXBuildFile; fileRef = 0739DA612BB2EBF600964E96 /* ann_cnn.h */; };
		0739DA7B2BB2EBF600964E96 /* ann_dense.h in Headers */ = {isa = PBXBuildFile; fileRef = 0739DA622BB2EBF600964E96 /* ann_dense.h */; };
		0739DA7C2BB2EBF600964E96 /* ann_utils.h in Headers */ = {isa = PBXBuildFile; fileRef = 0739DA632BB2EBF600964E96 /* ann_utils.h */; };
		0739DA7D2BB2EBF600964E96 /* LeNet.h in Headers */ = {isa = PBXBuildFile; fileRef = 0739DA642BB2EBF600964E96 /* LeNet.h */; };
		0739DA7E2BB2EBF600964E96 /* OneShot.h in Headers */ = {isa = PBXBuildFile; fileRef = 0739DA662BB2EBF600964E96 /* OneShot.h */; };
		0739DA7F2BB2EBF600964E96 /* TextBox.h in Headers */ = {isa = PBXBuildFile; fileRef = 0739DA672BB2EBF600964E96 /* TextBox.h */; };
		0739DA822BB2EC3900964E96 /* Text.h in Headers */ = {isa = PBXBuildFile; fileRef = 0739DA812BB2EC3900964E96 /* Text.h */; };
		0739DA952BB2EC4600964E96 /* Drawing.h in Headers */ = {isa = PBXBuildFile; fileRef = 0739DA842BB2EC4500964E96 /* Drawing.h */; };
		0739DA962BB2EC4600964E96 /* Screen.h in Headers */ = {isa = PBXBuildFile; fileRef = 0739DA862BB2EC4500964E96 /* Screen.h */; };
		0739DA972BB2EC4600964E96 /* ColorGradient.h in Headers */ = {isa = PBXBuildFile; fileRef = 0739DA8A2BB2EC4600964E96 /* ColorGradient.h */; };
		0739DA982BB2EC4600964E96 /* SpriteHandler.h in Headers */ = {isa = PBXBuildFile; fileRef = 0739DA8B2BB2EC4600964E96 /* SpriteHandler.h */; };
		0739DA992BB2EC4600964E96 /* LineData.h in Headers */ = {isa = PBXBuildFile; fileRef = 0739DA8C2BB2EC4600964E96 /* LineData.h */; };
		0739DA9A2BB2EC4600964E96 /* ASCII_Fonts.h in Headers */ = {isa = PBXBuildFile; fileRef = 0739DA8D2BB2EC4600964E96 /* ASCII_Fonts.h */; };
		0739DA9B2BB2EC4600964E96 /* Rectangle.h in Headers */ = {isa = PBXBuildFile; fileRef = 0739DA8F2BB2EC4600964E96 /* Rectangle.h */; };
		0739DA9C2BB2EC4600964E96 /* GameEngine.h in Headers */ = {isa = PBXBuildFile; fileRef = 0739DA902BB2EC4600964E96 /* GameEngine.h */; };
		0739DA9D2BB2EC4600964E96 /* ParticleSystem.h in Headers */ = {isa = PBXBuildFile; fileRef = 0739DA912BB2EC4600964E96 /* ParticleSystem.h */; };
		0739DA9E2BB2EC4600964E96 /* RC.h in Headers */ = {isa = PBXBuildFile; fileRef = 0739DA922BB2EC4600964E96 /* RC.h */; };
		0739DA9F2BB2EC4600964E96 /* Pixel.h in Headers */ = {isa = PBXBuildFile; fileRef = 0739DA932BB2EC4600964E96 /* Pixel.h */; };
		0739DAA02BB2EC4600964E96 /* Keyboard.h in Headers */ = {isa = PBXBuildFile; fileRef = 0739DA942BB2EC4600964E96 /* Keyboard.h */; };
		07A763292B5BC85300705D31 /* AudioSourceHandler.h in Headers */ = {isa = PBXBuildFile; fileRef = 07A763282B5BC85300705D31 /* AudioSourceHandler.h */; };
		07A7632A2B5BDE4E00705D31 /* AudioSourceHandler.h in Sources */ = {isa = PBXBuildFile; fileRef = 07A763282B5BC85300705D31 /* AudioSourceHandler.h */; };
		07A7633B2B5DAA8A00705D31 /* ChipTuneEngine.h in Headers */ = {isa = PBXBuildFile; fileRef = 07A7633A2B5DAA8A00705D31 /* ChipTuneEngine.h */; };
/* End PBXBuildFile section */

/* Begin PBXFileReference section */
		071671272B785CE00043E9F2 /* lib8-Bit Audio Emulator Lib.a */ = {isa = PBXFileReference; explicitFileType = archive.ar; includeInIndex = 0; name = "lib8-Bit Audio Emulator Lib.a"; path = "/Users/rasmusanthin/Documents/xcode/lib/8Beat/build/Debug/lib8-Bit Audio Emulator Lib.a"; sourceTree = "<absolute>"; };
		071671282B7867B90043E9F2 /* Waveform.h */ = {isa = PBXFileReference; lastKnownFileType = sourcecode.c.h; path = Waveform.h; sourceTree = "<group>"; };
		0716712C2B7FA58F0043E9F2 /* WaveformIO.h */ = {isa = PBXFileReference; lastKnownFileType = sourcecode.c.h; path = WaveformIO.h; sourceTree = "<group>"; };
		0716712D2B7FF4DB0043E9F2 /* Spectrum.h */ = {isa = PBXFileReference; lastKnownFileType = sourcecode.c.h; path = Spectrum.h; sourceTree = "<group>"; };
		0739D9C12BA2434200964E96 /* LICENSE */ = {isa = PBXFileReference; fileEncoding = 4; lastKnownFileType = text; path = LICENSE; sourceTree = "<group>"; };
		0739D9C32BA59D0200964E96 /* demo_1.cpp */ = {isa = PBXFileReference; lastKnownFileType = sourcecode.cpp.cpp; path = demo_1.cpp; sourceTree = "<group>"; };
		0739D9C42BA6111D00964E96 /* demo_2.cpp */ = {isa = PBXFileReference; lastKnownFileType = sourcecode.cpp.cpp; path = demo_2.cpp; sourceTree = "<group>"; };
		0739D9C72BA614D700964E96 /* Cat_Meow_2-Cat_Stevens-2034822903.wav */ = {isa = PBXFileReference; lastKnownFileType = audio.wav; path = "Cat_Meow_2-Cat_Stevens-2034822903.wav"; sourceTree = "<group>"; };
		0739D9C82BA6199300964E96 /* 07a-AirRaidShelterCentre-DPA 4061-Stereo-48K-BURST.wav */ = {isa = PBXFileReference; lastKnownFileType = audio.wav; path = "07a-AirRaidShelterCentre-DPA 4061-Stereo-48K-BURST.wav"; sourceTree = "<group>"; };
		0739D9CA2BA61E5900964E96 /* OpenAL.framework */ = {isa = PBXFileReference; lastKnownFileType = wrapper.framework; name = OpenAL.framework; path = System/Library/Frameworks/OpenAL.framework; sourceTree = SDKROOT; };
		0739D9E02BA6521800964E96 /* ChipTuneEngineParser.h */ = {isa = PBXFileReference; lastKnownFileType = sourcecode.c.h; path = ChipTuneEngineParser.h; sourceTree = "<group>"; };
		0739D9E22BA7886C00964E96 /* demo_3.cpp */ = {isa = PBXFileReference; lastKnownFileType = sourcecode.cpp.cpp; path = demo_3.cpp; sourceTree = "<group>"; };
		0739D9E32BA7904100964E96 /* demo_4.cpp */ = {isa = PBXFileReference; lastKnownFileType = sourcecode.cpp.cpp; path = demo_4.cpp; sourceTree = "<group>"; };
		0739D9E42BA82C4700964E96 /* demo_5.cpp */ = {isa = PBXFileReference; lastKnownFileType = sourcecode.cpp.cpp; path = demo_5.cpp; sourceTree = "<group>"; };
		0739D9E52BA82EBF00964E96 /* demo_6.cpp */ = {isa = PBXFileReference; lastKnownFileType = sourcecode.cpp.cpp; path = demo_6.cpp; sourceTree = "<group>"; };
		0739D9E62BA8C5B100964E96 /* demo_7.cpp */ = {isa = PBXFileReference; lastKnownFileType = sourcecode.cpp.cpp; path = demo_7.cpp; sourceTree = "<group>"; };
		0739D9E72BA8EAA600964E96 /* attribution.txt */ = {isa = PBXFileReference; lastKnownFileType = text; path = attribution.txt; sourceTree = "<group>"; };
		0739D9E82BA8EAB300964E96 /* chiptune3.ct */ = {isa = PBXFileReference; lastKnownFileType = text; path = chiptune3.ct; sourceTree = "<group>"; };
		0739D9E92BA8ED8100964E96 /* demo_8.cpp */ = {isa = PBXFileReference; lastKnownFileType = sourcecode.cpp.cpp; path = demo_8.cpp; sourceTree = "<group>"; };
		0739DA4A2BB2EBF500964E96 /* DateTime_tests.h */ = {isa = PBXFileReference; fileEncoding = 4; lastKnownFileType = sourcecode.c.h; path = DateTime_tests.h; sourceTree = "<group>"; };
		0739DA4B2BB2EBF500964E96 /* Histogram_tests.h */ = {isa = PBXFileReference; fileEncoding = 4; lastKnownFileType = sourcecode.c.h; path = Histogram_tests.h; sourceTree = "<group>"; };
		0739DA4C2BB2EBF500964E96 /* MachineLearning_tests.h */ = {isa = PBXFileReference; fileEncoding = 4; lastKnownFileType = sourcecode.c.h; path = MachineLearning_tests.h; sourceTree = "<group>"; };
		0739DA4E2BB2EBF500964E96 /* LICENSE */ = {isa = PBXFileReference; fileEncoding = 4; lastKnownFileType = text; name = LICENSE; path = Core/LICENSE; sourceTree = "<group>"; };
		0739DA4F2BB2EBF500964E96 /* MarkovChain.h */ = {isa = PBXFileReference; fileEncoding = 4; lastKnownFileType = sourcecode.c.h; name = MarkovChain.h; path = Core/MarkovChain.h; sourceTree = "<group>"; };
		0739DA502BB2EBF500964E96 /* Uuid.h */ = {isa = PBXFileReference; fileEncoding = 4; lastKnownFileType = sourcecode.c.h; name = Uuid.h; path = Core/Uuid.h; sourceTree = "<group>"; };
		0739DA512BB2EBF500964E96 /* README.md */ = {isa = PBXFileReference; fileEncoding = 4; lastKnownFileType = net.daringfireball.markdown; name = README.md; path = Core/README.md; sourceTree = "<group>"; };
		0739DA522BB2EBF600964E96 /* DateTime.h */ = {isa = PBXFileReference; fileEncoding = 4; lastKnownFileType = sourcecode.c.h; name = DateTime.h; path = Core/DateTime.h; sourceTree = "<group>"; };
		0739DA532BB2EBF600964E96 /* Math.h */ = {isa = PBXFileReference; fileEncoding = 4; lastKnownFileType = sourcecode.c.h; name = Math.h; path = Core/Math.h; sourceTree = "<group>"; };
		0739DA542BB2EBF600964E96 /* Rand.h */ = {isa = PBXFileReference; fileEncoding = 4; lastKnownFileType = sourcecode.c.h; name = Rand.h; path = Core/Rand.h; sourceTree = "<group>"; };
		0739DA552BB2EBF600964E96 /* FlankDetector.h */ = {isa = PBXFileReference; fileEncoding = 4; lastKnownFileType = sourcecode.c.h; name = FlankDetector.h; path = Core/FlankDetector.h; sourceTree = "<group>"; };
		0739DA562BB2EBF600964E96 /* Histogram.h */ = {isa = PBXFileReference; fileEncoding = 4; lastKnownFileType = sourcecode.c.h; name = Histogram.h; path = Core/Histogram.h; sourceTree = "<group>"; };
		0739DA572BB2EBF600964E96 /* Physics.h */ = {isa = PBXFileReference; fileEncoding = 4; lastKnownFileType = sourcecode.c.h; name = Physics.h; path = Core/Physics.h; sourceTree = "<group>"; };
		0739DA582BB2EBF600964E96 /* StlUtils.h */ = {isa = PBXFileReference; fileEncoding = 4; lastKnownFileType = sourcecode.c.h; name = StlUtils.h; path = Core/StlUtils.h; sourceTree = "<group>"; };
		0739DA592BB2EBF600964E96 /* StringHelper.h */ = {isa = PBXFileReference; fileEncoding = 4; lastKnownFileType = sourcecode.c.h; name = StringHelper.h; path = Core/StringHelper.h; sourceTree = "<group>"; };
		0739DA5A2BB2EBF600964E96 /* Delay.h */ = {isa = PBXFileReference; fileEncoding = 4; lastKnownFileType = sourcecode.c.h; name = Delay.h; path = Core/Delay.h; sourceTree = "<group>"; };
		0739DA5B2BB2EBF600964E96 /* mnist_reader_common.h */ = {isa = PBXFileReference; fileEncoding = 4; lastKnownFileType = sourcecode.c.h; path = mnist_reader_common.h; sourceTree = "<group>"; };
		0739DA5C2BB2EBF600964E96 /* mnist_reader.h */ = {isa = PBXFileReference; fileEncoding = 4; lastKnownFileType = sourcecode.c.h; path = mnist_reader.h; sourceTree = "<group>"; };
		0739DA5D2BB2EBF600964E96 /* mnist_utils.h */ = {isa = PBXFileReference; fileEncoding = 4; lastKnownFileType = sourcecode.c.h; path = mnist_utils.h; sourceTree = "<group>"; };
		0739DA5F2BB2EBF600964E96 /* MNIST_Loader.h */ = {isa = PBXFileReference; fileEncoding = 4; lastKnownFileType = sourcecode.c.h; path = MNIST_Loader.h; sourceTree = "<group>"; };
		0739DA612BB2EBF600964E96 /* ann_cnn.h */ = {isa = PBXFileReference; fileEncoding = 4; lastKnownFileType = sourcecode.c.h; path = ann_cnn.h; sourceTree = "<group>"; };
		0739DA622BB2EBF600964E96 /* ann_dense.h */ = {isa = PBXFileReference; fileEncoding = 4; lastKnownFileType = sourcecode.c.h; path = ann_dense.h; sourceTree = "<group>"; };
		0739DA632BB2EBF600964E96 /* ann_utils.h */ = {isa = PBXFileReference; fileEncoding = 4; lastKnownFileType = sourcecode.c.h; path = ann_utils.h; sourceTree = "<group>"; };
		0739DA642BB2EBF600964E96 /* LeNet.h */ = {isa = PBXFileReference; fileEncoding = 4; lastKnownFileType = sourcecode.c.h; path = LeNet.h; sourceTree = "<group>"; };
		0739DA662BB2EBF600964E96 /* OneShot.h */ = {isa = PBXFileReference; fileEncoding = 4; lastKnownFileType = sourcecode.c.h; name = OneShot.h; path = Core/OneShot.h; sourceTree = "<group>"; };
		0739DA672BB2EBF600964E96 /* TextBox.h */ = {isa = PBXFileReference; fileEncoding = 4; lastKnownFileType = sourcecode.c.h; name = TextBox.h; path = Core/TextBox.h; sourceTree = "<group>"; };
		0739DA802BB2EC0800964E96 /* build.sh */ = {isa = PBXFileReference; fileEncoding = 4; lastKnownFileType = text.script.sh; name = build.sh; path = Core/build.sh; sourceTree = "<group>"; };
		0739DA812BB2EC3900964E96 /* Text.h */ = {isa = PBXFileReference; fileEncoding = 4; lastKnownFileType = sourcecode.c.h; name = Text.h; path = Termin8or/Text.h; sourceTree = "<group>"; };
		0739DA832BB2EC4500964E96 /* LICENSE */ = {isa = PBXFileReference; fileEncoding = 4; lastKnownFileType = text; name = LICENSE; path = Termin8or/LICENSE; sourceTree = "<group>"; };
		0739DA842BB2EC4500964E96 /* Drawing.h */ = {isa = PBXFileReference; fileEncoding = 4; lastKnownFileType = sourcecode.c.h; name = Drawing.h; path = Termin8or/Drawing.h; sourceTree = "<group>"; };
		0739DA852BB2EC4500964E96 /* README.md */ = {isa = PBXFileReference; fileEncoding = 4; lastKnownFileType = net.daringfireball.markdown; name = README.md; path = Termin8or/README.md; sourceTree = "<group>"; };
		0739DA862BB2EC4500964E96 /* Screen.h */ = {isa = PBXFileReference; fileEncoding = 4; lastKnownFileType = sourcecode.c.h; name = Screen.h; path = Termin8or/Screen.h; sourceTree = "<group>"; };
		0739DA872BB2EC4600964E96 /* font_data_larry3d.txt */ = {isa = PBXFileReference; fileEncoding = 4; lastKnownFileType = text; path = font_data_larry3d.txt; sourceTree = "<group>"; };
		0739DA882BB2EC4600964E96 /* font_data_smslant.txt */ = {isa = PBXFileReference; fileEncoding = 4; lastKnownFileType = text; path = font_data_smslant.txt; sourceTree = "<group>"; };
		0739DA8A2BB2EC4600964E96 /* ColorGradient.h */ = {isa = PBXFileReference; fileEncoding = 4; lastKnownFileType = sourcecode.c.h; name = ColorGradient.h; path = Termin8or/ColorGradient.h; sourceTree = "<group>"; };
		0739DA8B2BB2EC4600964E96 /* SpriteHandler.h */ = {isa = PBXFileReference; fileEncoding = 4; lastKnownFileType = sourcecode.c.h; name = SpriteHandler.h; path = Termin8or/SpriteHandler.h; sourceTree = "<group>"; };
		0739DA8C2BB2EC4600964E96 /* LineData.h */ = {isa = PBXFileReference; fileEncoding = 4; lastKnownFileType = sourcecode.c.h; name = LineData.h; path = Termin8or/LineData.h; sourceTree = "<group>"; };
		0739DA8D2BB2EC4600964E96 /* ASCII_Fonts.h */ = {isa = PBXFileReference; fileEncoding = 4; lastKnownFileType = sourcecode.c.h; name = ASCII_Fonts.h; path = Termin8or/ASCII_Fonts.h; sourceTree = "<group>"; };
		0739DA8E2BB2EC4600964E96 /* LICENSE_FIGlet */ = {isa = PBXFileReference; fileEncoding = 4; lastKnownFileType = text; name = LICENSE_FIGlet; path = Termin8or/LICENSE_FIGlet; sourceTree = "<group>"; };
		0739DA8F2BB2EC4600964E96 /* Rectangle.h */ = {isa = PBXFileReference; fileEncoding = 4; lastKnownFileType = sourcecode.c.h; name = Rectangle.h; path = Termin8or/Rectangle.h; sourceTree = "<group>"; };
		0739DA902BB2EC4600964E96 /* GameEngine.h */ = {isa = PBXFileReference; fileEncoding = 4; lastKnownFileType = sourcecode.c.h; name = GameEngine.h; path = Termin8or/GameEngine.h; sourceTree = "<group>"; };
		0739DA912BB2EC4600964E96 /* ParticleSystem.h */ = {isa = PBXFileReference; fileEncoding = 4; lastKnownFileType = sourcecode.c.h; name = ParticleSystem.h; path = Termin8or/ParticleSystem.h; sourceTree = "<group>"; };
		0739DA922BB2EC4600964E96 /* RC.h */ = {isa = PBXFileReference; fileEncoding = 4; lastKnownFileType = sourcecode.c.h; name = RC.h; path = Termin8or/RC.h; sourceTree = "<group>"; };
		0739DA932BB2EC4600964E96 /* Pixel.h */ = {isa = PBXFileReference; fileEncoding = 4; lastKnownFileType = sourcecode.c.h; name = Pixel.h; path = Termin8or/Pixel.h; sourceTree = "<group>"; };
		0739DA942BB2EC4600964E96 /* Keyboard.h */ = {isa = PBXFileReference; fileEncoding = 4; lastKnownFileType = sourcecode.c.h; name = Keyboard.h; path = Termin8or/Keyboard.h; sourceTree = "<group>"; };
		0760B6F12B9E3C610032CACD /* README.md */ = {isa = PBXFileReference; fileEncoding = 4; lastKnownFileType = net.daringfireball.markdown; path = README.md; sourceTree = "<group>"; };
		07880A532B87AAFA00711230 /* ADSR.h */ = {isa = PBXFileReference; lastKnownFileType = sourcecode.c.h; path = ADSR.h; sourceTree = "<group>"; };
		07880A542B87CB9A00711230 /* Synthesizer.h */ = {isa = PBXFileReference; lastKnownFileType = sourcecode.c.h; path = Synthesizer.h; sourceTree = "<group>"; };
		07A763282B5BC85300705D31 /* AudioSourceHandler.h */ = {isa = PBXFileReference; fileEncoding = 4; lastKnownFileType = sourcecode.c.h; path = AudioSourceHandler.h; sourceTree = "<group>"; };
		07A7633A2B5DAA8A00705D31 /* ChipTuneEngine.h */ = {isa = PBXFileReference; lastKnownFileType = sourcecode.c.h; path = ChipTuneEngine.h; sourceTree = "<group>"; };
		07BB7BDB2B7794FD002899C9 /* WaveformHelper.h */ = {isa = PBXFileReference; lastKnownFileType = sourcecode.c.h; path = WaveformHelper.h; sourceTree = "<group>"; };
		07BB7BDC2B779BA0002899C9 /* WaveformGeneration.h */ = {isa = PBXFileReference; lastKnownFileType = sourcecode.c.h; path = WaveformGeneration.h; sourceTree = "<group>"; };
/* End PBXFileReference section */

/* Begin PBXFrameworksBuildPhase section */
		07A763192B5B225500705D31 /* Frameworks */ = {
			isa = PBXFrameworksBuildPhase;
			buildActionMask = 2147483647;
			files = (
				0739D9CB2BA61E5900964E96 /* OpenAL.framework in Frameworks */,
			);
			runOnlyForDeploymentPostprocessing = 0;
		};
/* End PBXFrameworksBuildPhase section */

/* Begin PBXGroup section */
		0739D9C22BA59C8300964E96 /* demos */ = {
			isa = PBXGroup;
			children = (
				0739D9C62BA6148E00964E96 /* sounds */,
				0739D9C32BA59D0200964E96 /* demo_1.cpp */,
				0739D9C42BA6111D00964E96 /* demo_2.cpp */,
				0739D9E22BA7886C00964E96 /* demo_3.cpp */,
				0739D9E32BA7904100964E96 /* demo_4.cpp */,
				0739D9E42BA82C4700964E96 /* demo_5.cpp */,
				0739D9E52BA82EBF00964E96 /* demo_6.cpp */,
				0739D9E62BA8C5B100964E96 /* demo_7.cpp */,
				0739D9E92BA8ED8100964E96 /* demo_8.cpp */,
			);
			path = demos;
			sourceTree = "<group>";
		};
		0739D9C62BA6148E00964E96 /* sounds */ = {
			isa = PBXGroup;
			children = (
				0739D9E82BA8EAB300964E96 /* chiptune3.ct */,
				0739D9E72BA8EAA600964E96 /* attribution.txt */,
				0739D9C82BA6199300964E96 /* 07a-AirRaidShelterCentre-DPA 4061-Stereo-48K-BURST.wav */,
				0739D9C72BA614D700964E96 /* Cat_Meow_2-Cat_Stevens-2034822903.wav */,
			);
			path = sounds;
			sourceTree = "<group>";
		};
		0739D9C92BA61E5900964E96 /* Frameworks */ = {
			isa = PBXGroup;
			children = (
				0739D9CA2BA61E5900964E96 /* OpenAL.framework */,
			);
			name = Frameworks;
			sourceTree = "<group>";
		};
		0739D9DF2BA651A300964E96 /* ChipTuneEngine_Internals */ = {
			isa = PBXGroup;
			children = (
				0739D9E02BA6521800964E96 /* ChipTuneEngineParser.h */,
			);
			path = ChipTuneEngine_Internals;
			sourceTree = "<group>";
		};
		0739DA482BB2EBC800964E96 /* Core */ = {
			isa = PBXGroup;
			children = (
				0739DA4E2BB2EBF500964E96 /* LICENSE */,
				0739DA512BB2EBF500964E96 /* README.md */,
				0739DA802BB2EC0800964E96 /* build.sh */,
				0739DA522BB2EBF600964E96 /* DateTime.h */,
				0739DA5A2BB2EBF600964E96 /* Delay.h */,
				0739DA552BB2EBF600964E96 /* FlankDetector.h */,
				0739DA562BB2EBF600964E96 /* Histogram.h */,
				0739DA652BB2EBF600964E96 /* MachineLearning */,
				0739DA4F2BB2EBF500964E96 /* MarkovChain.h */,
				0739DA532BB2EBF600964E96 /* Math.h */,
				0739DA662BB2EBF600964E96 /* OneShot.h */,
				0739DA572BB2EBF600964E96 /* Physics.h */,
				0739DA542BB2EBF600964E96 /* Rand.h */,
				0739DA582BB2EBF600964E96 /* StlUtils.h */,
				0739DA592BB2EBF600964E96 /* StringHelper.h */,
				0739DA4D2BB2EBF500964E96 /* Tests */,
				0739DA672BB2EBF600964E96 /* TextBox.h */,
				0739DA502BB2EBF500964E96 /* Uuid.h */,
			);
			name = Core;
			sourceTree = "<group>";
		};
		0739DA492BB2EBCE00964E96 /* Termin8or */ = {
			isa = PBXGroup;
			children = (
				0739DA832BB2EC4500964E96 /* LICENSE */,
				0739DA8E2BB2EC4600964E96 /* LICENSE_FIGlet */,
				0739DA852BB2EC4500964E96 /* README.md */,
				0739DA8D2BB2EC4600964E96 /* ASCII_Fonts.h */,
				0739DA8A2BB2EC4600964E96 /* ColorGradient.h */,
				0739DA842BB2EC4500964E96 /* Drawing.h */,
				0739DA892BB2EC4600964E96 /* fonts */,
				0739DA902BB2EC4600964E96 /* GameEngine.h */,
				0739DA942BB2EC4600964E96 /* Keyboard.h */,
				0739DA8C2BB2EC4600964E96 /* LineData.h */,
				0739DA912BB2EC4600964E96 /* ParticleSystem.h */,
				0739DA932BB2EC4600964E96 /* Pixel.h */,
				0739DA922BB2EC4600964E96 /* RC.h */,
				0739DA8F2BB2EC4600964E96 /* Rectangle.h */,
				0739DA862BB2EC4500964E96 /* Screen.h */,
				0739DA8B2BB2EC4600964E96 /* SpriteHandler.h */,
				0739DA812BB2EC3900964E96 /* Text.h */,
			);
			name = Termin8or;
			sourceTree = "<group>";
		};
		0739DA4D2BB2EBF500964E96 /* Tests */ = {
			isa = PBXGroup;
			children = (
				0739DA4A2BB2EBF500964E96 /* DateTime_tests.h */,
				0739DA4B2BB2EBF500964E96 /* Histogram_tests.h */,
				0739DA4C2BB2EBF500964E96 /* MachineLearning_tests.h */,
			);
			name = Tests;
			path = Core/Tests;
			sourceTree = "<group>";
		};
		0739DA5E2BB2EBF600964E96 /* wichtounet_mnist_reader */ = {
			isa = PBXGroup;
			children = (
				0739DA5B2BB2EBF600964E96 /* mnist_reader_common.h */,
				0739DA5C2BB2EBF600964E96 /* mnist_reader.h */,
				0739DA5D2BB2EBF600964E96 /* mnist_utils.h */,
			);
			path = wichtounet_mnist_reader;
			sourceTree = "<group>";
		};
		0739DA602BB2EBF600964E96 /* MNIST */ = {
			isa = PBXGroup;
			children = (
				0739DA5E2BB2EBF600964E96 /* wichtounet_mnist_reader */,
				0739DA5F2BB2EBF600964E96 /* MNIST_Loader.h */,
			);
			path = MNIST;
			sourceTree = "<group>";
		};
		0739DA652BB2EBF600964E96 /* MachineLearning */ = {
			isa = PBXGroup;
			children = (
				0739DA602BB2EBF600964E96 /* MNIST */,
				0739DA612BB2EBF600964E96 /* ann_cnn.h */,
				0739DA622BB2EBF600964E96 /* ann_dense.h */,
				0739DA632BB2EBF600964E96 /* ann_utils.h */,
				0739DA642BB2EBF600964E96 /* LeNet.h */,
			);
			name = MachineLearning;
			path = Core/MachineLearning;
			sourceTree = "<group>";
		};
		0739DA892BB2EC4600964E96 /* fonts */ = {
			isa = PBXGroup;
			children = (
				0739DA872BB2EC4600964E96 /* font_data_larry3d.txt */,
				0739DA882BB2EC4600964E96 /* font_data_smslant.txt */,
			);
			name = fonts;
			path = Termin8or/fonts;
			sourceTree = "<group>";
		};
		07A763122B5B225500705D31 = {
			isa = PBXGroup;
			children = (
				0739DA482BB2EBC800964E96 /* Core */,
				0739DA492BB2EBCE00964E96 /* Termin8or */,
				0739D9C22BA59C8300964E96 /* demos */,
				0739D9C12BA2434200964E96 /* LICENSE */,
				0760B6F12B9E3C610032CACD /* README.md */,
				07880A542B87CB9A00711230 /* Synthesizer.h */,
				07880A532B87AAFA00711230 /* ADSR.h */,
				0716712D2B7FF4DB0043E9F2 /* Spectrum.h */,
				071671282B7867B90043E9F2 /* Waveform.h */,
				0716712C2B7FA58F0043E9F2 /* WaveformIO.h */,
				07BB7BDC2B779BA0002899C9 /* WaveformGeneration.h */,
				07BB7BDB2B7794FD002899C9 /* WaveformHelper.h */,
				07A763282B5BC85300705D31 /* AudioSourceHandler.h */,
				07A7633A2B5DAA8A00705D31 /* ChipTuneEngine.h */,
				0739D9DF2BA651A300964E96 /* ChipTuneEngine_Internals */,
				0739D9C92BA61E5900964E96 /* Frameworks */,
			);
			sourceTree = "<group>";
		};
/* End PBXGroup section */

/* Begin PBXHeadersBuildPhase section */
		07A763172B5B225500705D31 /* Headers */ = {
			isa = PBXHeadersBuildPhase;
			buildActionMask = 2147483647;
			files = (
				0739DA742BB2EBF600964E96 /* StringHelper.h in Headers */,
				0739DA782BB2EBF600964E96 /* mnist_utils.h in Headers */,
				0739DA992BB2EC4600964E96 /* LineData.h in Headers */,
				0739DA6B2BB2EBF600964E96 /* MarkovChain.h in Headers */,
				0739DA9B2BB2EC4600964E96 /* Rectangle.h in Headers */,
				0739DA9F2BB2EC4600964E96 /* Pixel.h in Headers */,
				0739DA7E2BB2EBF600964E96 /* OneShot.h in Headers */,
				0739DAA02BB2EC4600964E96 /* Keyboard.h in Headers */,
				07A7633B2B5DAA8A00705D31 /* ChipTuneEngine.h in Headers */,
				0739DA9A2BB2EC4600964E96 /* ASCII_Fonts.h in Headers */,
				0739DA9C2BB2EC4600964E96 /* GameEngine.h in Headers */,
				07A763292B5BC85300705D31 /* AudioSourceHandler.h in Headers */,
				0739DA792BB2EBF600964E96 /* MNIST_Loader.h in Headers */,
				0739DA712BB2EBF600964E96 /* Histogram.h in Headers */,
				0739DA6A2BB2EBF600964E96 /* MachineLearning_tests.h in Headers */,
				0739DA7B2BB2EBF600964E96 /* ann_dense.h in Headers */,
				0739DA822BB2EC3900964E96 /* Text.h in Headers */,
				0739DA682BB2EBF600964E96 /* DateTime_tests.h in Headers */,
				0739DA702BB2EBF600964E96 /* FlankDetector.h in Headers */,
				0739DA6F2BB2EBF600964E96 /* Rand.h in Headers */,
				0739DA7F2BB2EBF600964E96 /* TextBox.h in Headers */,
				0739DA952BB2EC4600964E96 /* Drawing.h in Headers */,
				0739DA732BB2EBF600964E96 /* StlUtils.h in Headers */,
				0739DA6D2BB2EBF600964E96 /* DateTime.h in Headers */,
				0739DA722BB2EBF600964E96 /* Physics.h in Headers */,
				0739DA9D2BB2EC4600964E96 /* ParticleSystem.h in Headers */,
				0739DA7C2BB2EBF600964E96 /* ann_utils.h in Headers */,
				0739DA752BB2EBF600964E96 /* Delay.h in Headers */,
				0739DA6E2BB2EBF600964E96 /* Math.h in Headers */,
				0739DA982BB2EC4600964E96 /* SpriteHandler.h in Headers */,
				0739DA6C2BB2EBF600964E96 /* Uuid.h in Headers */,
				0739DA9E2BB2EC4600964E96 /* RC.h in Headers */,
				0739DA962BB2EC4600964E96 /* Screen.h in Headers */,
				0739DA7A2BB2EBF600964E96 /* ann_cnn.h in Headers */,
				0739DA762BB2EBF600964E96 /* mnist_reader_common.h in Headers */,
				0739DA7D2BB2EBF600964E96 /* LeNet.h in Headers */,
				0739DA692BB2EBF600964E96 /* Histogram_tests.h in Headers */,
				0739DA972BB2EC4600964E96 /* ColorGradient.h in Headers */,
				0739DA772BB2EBF600964E96 /* mnist_reader.h in Headers */,
			);
			runOnlyForDeploymentPostprocessing = 0;
		};
/* End PBXHeadersBuildPhase section */

/* Begin PBXNativeTarget section */
		07A7631A2B5B225500705D31 /* 8-Bit Audio Emulator Lib */ = {
			isa = PBXNativeTarget;
			buildConfigurationList = 07A7631F2B5B225500705D31 /* Build configuration list for PBXNativeTarget "8-Bit Audio Emulator Lib" */;
			buildPhases = (
				07A763172B5B225500705D31 /* Headers */,
				07A763182B5B225500705D31 /* Sources */,
				07A763192B5B225500705D31 /* Frameworks */,
				07A7632F2B5C0B7C00705D31 /* ShellScript */,
			);
			buildRules = (
			);
			dependencies = (
			);
			name = "8-Bit Audio Emulator Lib";
			productName = "8-Bit Audio Emulator Lib";
			productReference = 071671272B785CE00043E9F2 /* lib8-Bit Audio Emulator Lib.a */;
			productType = "com.apple.product-type.library.static";
		};
/* End PBXNativeTarget section */

/* Begin PBXProject section */
		07A763132B5B225500705D31 /* Project object */ = {
			isa = PBXProject;
			attributes = {
				BuildIndependentTargetsInParallel = 1;
				LastUpgradeCheck = 1520;
				TargetAttributes = {
					07A7631A2B5B225500705D31 = {
						CreatedOnToolsVersion = 15.2;
					};
				};
			};
			buildConfigurationList = 07A763162B5B225500705D31 /* Build configuration list for PBXProject "8Beat" */;
			compatibilityVersion = "Xcode 14.0";
			developmentRegion = en;
			hasScannedForEncodings = 0;
			knownRegions = (
				en,
				Base,
			);
			mainGroup = 07A763122B5B225500705D31;
			productRefGroup = 07A763122B5B225500705D31;
			projectDirPath = "";
			projectRoot = "";
			targets = (
				07A7631A2B5B225500705D31 /* 8-Bit Audio Emulator Lib */,
			);
		};
/* End PBXProject section */

/* Begin PBXShellScriptBuildPhase section */
		07A7632F2B5C0B7C00705D31 /* ShellScript */ = {
			isa = PBXShellScriptBuildPhase;
			buildActionMask = 12;
			files = (
			);
			inputFileListPaths = (
			);
			inputPaths = (
			);
			outputFileListPaths = (
			);
			outputPaths = (
			);
			runOnlyForDeploymentPostprocessing = 0;
			shellPath = /bin/sh;
			shellScript = "# Type a script or drag a script file from your workspace to insert its path.\n\n#!/bin/bash\n\nlib_name=\"${EXECUTABLE_NAME}\"\n#lib_name=\"lib8-Bit Audio Emulator Lib.a\"\n\ndst_dir=\"${PROJECT_DIR}/build/${CONFIGURATION}\"\nsrc_dir=\"${BUILT_PRODUCTS_DIR}\"\n\necho \"Copying static library: ${lib_name}\"\necho \"Source directory: ${src_dir}\"\necho \"Destination directory: ${dst_dir}\"\n\n# Create the entire path if it doesn't exist\nmkdir -p \"${dst_dir}\"\n\n# Copy the built static library to the destination directory\ncp \"${src_dir}/${lib_name}\" \"${dst_dir}\"\n\necho \"Copy completed.\"\n";
		};
/* End PBXShellScriptBuildPhase section */

/* Begin PBXSourcesBuildPhase section */
		07A763182B5B225500705D31 /* Sources */ = {
			isa = PBXSourcesBuildPhase;
			buildActionMask = 2147483647;
			files = (
				07A7632A2B5BDE4E00705D31 /* AudioSourceHandler.h in Sources */,
			);
			runOnlyForDeploymentPostprocessing = 0;
		};
/* End PBXSourcesBuildPhase section */

/* Begin XCBuildConfiguration section */
		07A7631D2B5B225500705D31 /* Debug */ = {
			isa = XCBuildConfiguration;
			buildSettings = {
				ALWAYS_SEARCH_USER_PATHS = NO;
				ASSETCATALOG_COMPILER_GENERATE_SWIFT_ASSET_SYMBOL_EXTENSIONS = YES;
				CLANG_ANALYZER_NONNULL = YES;
				CLANG_ANALYZER_NUMBER_OBJECT_CONVERSION = YES_AGGRESSIVE;
				CLANG_CXX_LANGUAGE_STANDARD = "gnu++20";
				CLANG_ENABLE_MODULES = YES;
				CLANG_ENABLE_OBJC_ARC = YES;
				CLANG_ENABLE_OBJC_WEAK = YES;
				CLANG_WARN_BLOCK_CAPTURE_AUTORELEASING = YES;
				CLANG_WARN_BOOL_CONVERSION = YES;
				CLANG_WARN_COMMA = YES;
				CLANG_WARN_CONSTANT_CONVERSION = YES;
				CLANG_WARN_DEPRECATED_OBJC_IMPLEMENTATIONS = YES;
				CLANG_WARN_DIRECT_OBJC_ISA_USAGE = YES_ERROR;
				CLANG_WARN_DOCUMENTATION_COMMENTS = YES;
				CLANG_WARN_EMPTY_BODY = YES;
				CLANG_WARN_ENUM_CONVERSION = YES;
				CLANG_WARN_INFINITE_RECURSION = YES;
				CLANG_WARN_INT_CONVERSION = YES;
				CLANG_WARN_NON_LITERAL_NULL_CONVERSION = YES;
				CLANG_WARN_OBJC_IMPLICIT_RETAIN_SELF = YES;
				CLANG_WARN_OBJC_LITERAL_CONVERSION = YES;
				CLANG_WARN_OBJC_ROOT_CLASS = YES_ERROR;
				CLANG_WARN_QUOTED_INCLUDE_IN_FRAMEWORK_HEADER = YES;
				CLANG_WARN_RANGE_LOOP_ANALYSIS = YES;
				CLANG_WARN_STRICT_PROTOTYPES = YES;
				CLANG_WARN_SUSPICIOUS_MOVE = YES;
				CLANG_WARN_UNGUARDED_AVAILABILITY = YES_AGGRESSIVE;
				CLANG_WARN_UNREACHABLE_CODE = YES;
				CLANG_WARN__DUPLICATE_METHOD_MATCH = YES;
				COPY_PHASE_STRIP = NO;
				DEBUG_INFORMATION_FORMAT = dwarf;
				ENABLE_STRICT_OBJC_MSGSEND = YES;
				ENABLE_TESTABILITY = YES;
				ENABLE_USER_SCRIPT_SANDBOXING = YES;
				GCC_C_LANGUAGE_STANDARD = gnu17;
				GCC_DYNAMIC_NO_PIC = NO;
				GCC_NO_COMMON_BLOCKS = YES;
				GCC_OPTIMIZATION_LEVEL = 0;
				GCC_PREPROCESSOR_DEFINITIONS = (
					"DEBUG=1",
					"$(inherited)",
				);
				GCC_WARN_64_TO_32_BIT_CONVERSION = YES;
				GCC_WARN_ABOUT_RETURN_TYPE = YES_ERROR;
				GCC_WARN_UNDECLARED_SELECTOR = YES;
				GCC_WARN_UNINITIALIZED_AUTOS = YES_AGGRESSIVE;
				GCC_WARN_UNUSED_FUNCTION = YES;
				GCC_WARN_UNUSED_VARIABLE = YES;
				LD_RUNPATH_SEARCH_PATHS = /opt/homebrew/opt/libsndfile/lib;
				LIBRARY_SEARCH_PATHS = /opt/homebrew/opt/libsndfile/lib;
				LOCALIZATION_PREFERS_STRING_CATALOGS = YES;
				MACOSX_DEPLOYMENT_TARGET = 14.2;
				MTL_ENABLE_DEBUG_INFO = INCLUDE_SOURCE;
				MTL_FAST_MATH = YES;
				ONLY_ACTIVE_ARCH = YES;
				SDKROOT = macosx;
				SYSTEM_HEADER_SEARCH_PATHS = (
					"/opt/homebrew/opt/openal-soft/include/",
					/opt/homebrew/opt/libsndfile/include,
				);
			};
			name = Debug;
		};
		07A7631E2B5B225500705D31 /* Release */ = {
			isa = XCBuildConfiguration;
			buildSettings = {
				ALWAYS_SEARCH_USER_PATHS = NO;
				ASSETCATALOG_COMPILER_GENERATE_SWIFT_ASSET_SYMBOL_EXTENSIONS = YES;
				CLANG_ANALYZER_NONNULL = YES;
				CLANG_ANALYZER_NUMBER_OBJECT_CONVERSION = YES_AGGRESSIVE;
				CLANG_CXX_LANGUAGE_STANDARD = "gnu++20";
				CLANG_ENABLE_MODULES = YES;
				CLANG_ENABLE_OBJC_ARC = YES;
				CLANG_ENABLE_OBJC_WEAK = YES;
				CLANG_WARN_BLOCK_CAPTURE_AUTORELEASING = YES;
				CLANG_WARN_BOOL_CONVERSION = YES;
				CLANG_WARN_COMMA = YES;
				CLANG_WARN_CONSTANT_CONVERSION = YES;
				CLANG_WARN_DEPRECATED_OBJC_IMPLEMENTATIONS = YES;
				CLANG_WARN_DIRECT_OBJC_ISA_USAGE = YES_ERROR;
				CLANG_WARN_DOCUMENTATION_COMMENTS = YES;
				CLANG_WARN_EMPTY_BODY = YES;
				CLANG_WARN_ENUM_CONVERSION = YES;
				CLANG_WARN_INFINITE_RECURSION = YES;
				CLANG_WARN_INT_CONVERSION = YES;
				CLANG_WARN_NON_LITERAL_NULL_CONVERSION = YES;
				CLANG_WARN_OBJC_IMPLICIT_RETAIN_SELF = YES;
				CLANG_WARN_OBJC_LITERAL_CONVERSION = YES;
				CLANG_WARN_OBJC_ROOT_CLASS = YES_ERROR;
				CLANG_WARN_QUOTED_INCLUDE_IN_FRAMEWORK_HEADER = YES;
				CLANG_WARN_RANGE_LOOP_ANALYSIS = YES;
				CLANG_WARN_STRICT_PROTOTYPES = YES;
				CLANG_WARN_SUSPICIOUS_MOVE = YES;
				CLANG_WARN_UNGUARDED_AVAILABILITY = YES_AGGRESSIVE;
				CLANG_WARN_UNREACHABLE_CODE = YES;
				CLANG_WARN__DUPLICATE_METHOD_MATCH = YES;
				COPY_PHASE_STRIP = NO;
				DEBUG_INFORMATION_FORMAT = "dwarf-with-dsym";
				ENABLE_NS_ASSERTIONS = NO;
				ENABLE_STRICT_OBJC_MSGSEND = YES;
				ENABLE_USER_SCRIPT_SANDBOXING = YES;
				GCC_C_LANGUAGE_STANDARD = gnu17;
				GCC_NO_COMMON_BLOCKS = YES;
				GCC_WARN_64_TO_32_BIT_CONVERSION = YES;
				GCC_WARN_ABOUT_RETURN_TYPE = YES_ERROR;
				GCC_WARN_UNDECLARED_SELECTOR = YES;
				GCC_WARN_UNINITIALIZED_AUTOS = YES_AGGRESSIVE;
				GCC_WARN_UNUSED_FUNCTION = YES;
				GCC_WARN_UNUSED_VARIABLE = YES;
				LD_RUNPATH_SEARCH_PATHS = /opt/homebrew/opt/libsndfile/lib;
				LIBRARY_SEARCH_PATHS = /opt/homebrew/opt/libsndfile/lib;
				LOCALIZATION_PREFERS_STRING_CATALOGS = YES;
				MACOSX_DEPLOYMENT_TARGET = 14.2;
				MTL_ENABLE_DEBUG_INFO = NO;
				MTL_FAST_MATH = YES;
				SDKROOT = macosx;
				SYSTEM_HEADER_SEARCH_PATHS = (
					"/opt/homebrew/opt/openal-soft/include/",
					/opt/homebrew/opt/libsndfile/include,
				);
			};
			name = Release;
		};
		07A763202B5B225500705D31 /* Debug */ = {
			isa = XCBuildConfiguration;
			buildSettings = {
				CODE_SIGN_STYLE = Automatic;
				DEVELOPMENT_TEAM = HFL2Q84SZB;
				EXECUTABLE_PREFIX = lib;
				HEADER_SEARCH_PATHS = "";
				PRODUCT_NAME = "$(TARGET_NAME)";
				SKIP_INSTALL = YES;
			};
			name = Debug;
		};
		07A763212B5B225500705D31 /* Release */ = {
			isa = XCBuildConfiguration;
			buildSettings = {
				CODE_SIGN_STYLE = Automatic;
				DEVELOPMENT_TEAM = HFL2Q84SZB;
				EXECUTABLE_PREFIX = lib;
				HEADER_SEARCH_PATHS = "";
				PRODUCT_NAME = "$(TARGET_NAME)";
				SKIP_INSTALL = YES;
			};
			name = Release;
		};
/* End XCBuildConfiguration section */

/* Begin XCConfigurationList section */
		07A763162B5B225500705D31 /* Build configuration list for PBXProject "8Beat" */ = {
			isa = XCConfigurationList;
			buildConfigurations = (
				07A7631D2B5B225500705D31 /* Debug */,
				07A7631E2B5B225500705D31 /* Release */,
			);
			defaultConfigurationIsVisible = 0;
			defaultConfigurationName = Release;
		};
		07A7631F2B5B225500705D31 /* Build configuration list for PBXNativeTarget "8-Bit Audio Emulator Lib" */ = {
			isa = XCConfigurationList;
			buildConfigurations = (
				07A763202B5B225500705D31 /* Debug */,
				07A763212B5B225500705D31 /* Release */,
			);
			defaultConfigurationIsVisible = 0;
			defaultConfigurationName = Release;
		};
/* End XCConfigurationList section */
	};
	rootObject = 07A763132B5B225500705D31 /* Project object */;
}
