
Microsoft Visual Studio Solution File, Format Version 12.00
# Visual Studio Version 17
VisualStudioVersion = 17.9.34622.214
MinimumVisualStudioVersion = 10.0.40219.1
Project("{8BC9CEB8-8B4A-11D0-8D11-00A0C91BC942}") = "demo_1", "demo_1.vcxproj", "{514DE57E-F10A-4573-8681-E2E94404A4B3}"
EndProject
Project("{8BC9CEB8-8B4A-11D0-8D11-00A0C91BC942}") = "demo_2", "demo_2.vcxproj", "{67791415-5367-4266-A8E6-064939C3B93A}"
EndProject
Project("{8BC9CEB8-8B4A-11D0-8D11-00A0C91BC942}") = "demo_3", "demo_3.vcxproj", "{C2B1D040-27FC-433A-BF3B-38FD0641051B}"
EndProject
Project("{8BC9CEB8-8B4A-11D0-8D11-00A0C91BC942}") = "demo_4", "demo_4.vcxproj", "{8B75E6CB-1659-421D-9B39-22F5BDD59CEC}"
EndProject
Project("{8BC9CEB8-8B4A-11D0-8D11-00A0C91BC942}") = "demo_5", "demo_5.vcxproj", "{8CC94DEB-01E1-4DB4-865F-4D719AA71F8E}"
EndProject
Project("{8BC9CEB8-8B4A-11D0-8D11-00A0C91BC942}") = "demo_6", "demo_6.vcxproj", "{D7F649DE-F938-4C2F-8896-8C1DC719B33E}"
EndProject
Project("{8BC9CEB8-8B4A-11D0-8D11-00A0C91BC942}") = "demo_7", "demo_7.vcxproj", "{736C30D7-F880-425A-BF6C-9E7ABEE0281F}"
EndProject
Project("{8BC9CEB8-8B4A-11D0-8D11-00A0C91BC942}") = "demo_8", "demo_8.vcxproj", "{77E8901E-D628-4072-92FF-31C50760E2D9}"
EndProject
Global
	GlobalSection(SolutionConfigurationPlatforms) = preSolution
		Debug|x64 = Debug|x64
		Debug|x86 = Debug|x86
		Release|x64 = Release|x64
		Release|x86 = Release|x86
	EndGlobalSection
	GlobalSection(ProjectConfigurationPlatforms) = postSolution
		{514DE57E-F10A-4573-8681-E2E94404A4B3}.Debug|x64.ActiveCfg = Debug|x64
		{514DE57E-F10A-4573-8681-E2E94404A4B3}.Debug|x64.Build.0 = Debug|x64
		{514DE57E-F10A-4573-8681-E2E94404A4B3}.Debug|x86.ActiveCfg = Debug|Win32
		{514DE57E-F10A-4573-8681-E2E94404A4B3}.Debug|x86.Build.0 = Debug|Win32
		{514DE57E-F10A-4573-8681-E2E94404A4B3}.Release|x64.ActiveCfg = Release|x64
		{514DE57E-F10A-4573-8681-E2E94404A4B3}.Release|x64.Build.0 = Release|x64
		{514DE57E-F10A-4573-8681-E2E94404A4B3}.Release|x86.ActiveCfg = Release|Win32
		{514DE57E-F10A-4573-8681-E2E94404A4B3}.Release|x86.Build.0 = Release|Win32
		{67791415-5367-4266-A8E6-064939C3B93A}.Debug|x64.ActiveCfg = Debug|x64
		{67791415-5367-4266-A8E6-064939C3B93A}.Debug|x64.Build.0 = Debug|x64
		{67791415-5367-4266-A8E6-064939C3B93A}.Debug|x86.ActiveCfg = Debug|Win32
		{67791415-5367-4266-A8E6-064939C3B93A}.Debug|x86.Build.0 = Debug|Win32
		{67791415-5367-4266-A8E6-064939C3B93A}.Release|x64.ActiveCfg = Release|x64
		{67791415-5367-4266-A8E6-064939C3B93A}.Release|x64.Build.0 = Release|x64
		{67791415-5367-4266-A8E6-064939C3B93A}.Release|x86.ActiveCfg = Release|Win32
		{67791415-5367-4266-A8E6-064939C3B93A}.Release|x86.Build.0 = Release|Win32
		{C2B1D040-27FC-433A-BF3B-38FD0641051B}.Debug|x64.ActiveCfg = Debug|x64
		{C2B1D040-27FC-433A-BF3B-38FD0641051B}.Debug|x64.Build.0 = Debug|x64
		{C2B1D040-27FC-433A-BF3B-38FD0641051B}.Debug|x86.ActiveCfg = Debug|Win32
		{C2B1D040-27FC-433A-BF3B-38FD0641051B}.Debug|x86.Build.0 = Debug|Win32
		{C2B1D040-27FC-433A-BF3B-38FD0641051B}.Release|x64.ActiveCfg = Release|x64
		{C2B1D040-27FC-433A-BF3B-38FD0641051B}.Release|x64.Build.0 = Release|x64
		{C2B1D040-27FC-433A-BF3B-38FD0641051B}.Release|x86.ActiveCfg = Release|Win32
		{C2B1D040-27FC-433A-BF3B-38FD0641051B}.Release|x86.Build.0 = Release|Win32
		{8B75E6CB-1659-421D-9B39-22F5BDD59CEC}.Debug|x64.ActiveCfg = Debug|x64
		{8B75E6CB-1659-421D-9B39-22F5BDD59CEC}.Debug|x64.Build.0 = Debug|x64
		{8B75E6CB-1659-421D-9B39-22F5BDD59CEC}.Debug|x86.ActiveCfg = Debug|Win32
		{8B75E6CB-1659-421D-9B39-22F5BDD59CEC}.Debug|x86.Build.0 = Debug|Win32
		{8B75E6CB-1659-421D-9B39-22F5BDD59CEC}.Release|x64.ActiveCfg = Release|x64
		{8B75E6CB-1659-421D-9B39-22F5BDD59CEC}.Release|x64.Build.0 = Release|x64
		{8B75E6CB-1659-421D-9B39-22F5BDD59CEC}.Release|x86.ActiveCfg = Release|Win32
		{8B75E6CB-1659-421D-9B39-22F5BDD59CEC}.Release|x86.Build.0 = Release|Win32
		{8CC94DEB-01E1-4DB4-865F-4D719AA71F8E}.Debug|x64.ActiveCfg = Debug|x64
		{8CC94DEB-01E1-4DB4-865F-4D719AA71F8E}.Debug|x64.Build.0 = Debug|x64
		{8CC94DEB-01E1-4DB4-865F-4D719AA71F8E}.Debug|x86.ActiveCfg = Debug|Win32
		{8CC94DEB-01E1-4DB4-865F-4D719AA71F8E}.Debug|x86.Build.0 = Debug|Win32
		{8CC94DEB-01E1-4DB4-865F-4D719AA71F8E}.Release|x64.ActiveCfg = Release|x64
		{8CC94DEB-01E1-4DB4-865F-4D719AA71F8E}.Release|x64.Build.0 = Release|x64
		{8CC94DEB-01E1-4DB4-865F-4D719AA71F8E}.Release|x86.ActiveCfg = Release|Win32
		{8CC94DEB-01E1-4DB4-865F-4D719AA71F8E}.Release|x86.Build.0 = Release|Win32
		{D7F649DE-F938-4C2F-8896-8C1DC719B33E}.Debug|x64.ActiveCfg = Debug|x64
		{D7F649DE-F938-4C2F-8896-8C1DC719B33E}.Debug|x64.Build.0 = Debug|x64
		{D7F649DE-F938-4C2F-8896-8C1DC719B33E}.Debug|x86.ActiveCfg = Debug|Win32
		{D7F649DE-F938-4C2F-8896-8C1DC719B33E}.Debug|x86.Build.0 = Debug|Win32
		{D7F649DE-F938-4C2F-8896-8C1DC719B33E}.Release|x64.ActiveCfg = Release|x64
		{D7F649DE-F938-4C2F-8896-8C1DC719B33E}.Release|x64.Build.0 = Release|x64
		{D7F649DE-F938-4C2F-8896-8C1DC719B33E}.Release|x86.ActiveCfg = Release|Win32
		{D7F649DE-F938-4C2F-8896-8C1DC719B33E}.Release|x86.Build.0 = Release|Win32
		{736C30D7-F880-425A-BF6C-9E7ABEE0281F}.Debug|x64.ActiveCfg = Debug|x64
		{736C30D7-F880-425A-BF6C-9E7ABEE0281F}.Debug|x64.Build.0 = Debug|x64
		{736C30D7-F880-425A-BF6C-9E7ABEE0281F}.Debug|x86.ActiveCfg = Debug|Win32
		{736C30D7-F880-425A-BF6C-9E7ABEE0281F}.Debug|x86.Build.0 = Debug|Win32
		{736C30D7-F880-425A-BF6C-9E7ABEE0281F}.Release|x64.ActiveCfg = Release|x64
		{736C30D7-F880-425A-BF6C-9E7ABEE0281F}.Release|x64.Build.0 = Release|x64
		{736C30D7-F880-425A-BF6C-9E7ABEE0281F}.Release|x86.ActiveCfg = Release|Win32
		{736C30D7-F880-425A-BF6C-9E7ABEE0281F}.Release|x86.Build.0 = Release|Win32
		{77E8901E-D628-4072-92FF-31C50760E2D9}.Debug|x64.ActiveCfg = Debug|x64
		{77E8901E-D628-4072-92FF-31C50760E2D9}.Debug|x64.Build.0 = Debug|x64
		{77E8901E-D628-4072-92FF-31C50760E2D9}.Debug|x86.ActiveCfg = Debug|Win32
		{77E8901E-D628-4072-92FF-31C50760E2D9}.Debug|x86.Build.0 = Debug|Win32
		{77E8901E-D628-4072-92FF-31C50760E2D9}.Release|x64.ActiveCfg = Release|x64
		{77E8901E-D628-4072-92FF-31C50760E2D9}.Release|x64.Build.0 = Release|x64
		{77E8901E-D628-4072-92FF-31C50760E2D9}.Release|x86.ActiveCfg = Release|Win32
		{77E8901E-D628-4072-92FF-31C50760E2D9}.Release|x86.Build.0 = Release|Win32
	EndGlobalSection
	GlobalSection(SolutionProperties) = preSolution
		HideSolutionNode = FALSE
	EndGlobalSection
	GlobalSection(ExtensibilityGlobals) = postSolution
		SolutionGuid = {1CF0AD4D-01D1-4A7C-8501-B83DAFEFA0EF}
	EndGlobalSection
EndGlobal
