// !$*UTF8*$!
{
	archiveVersion = 1;
	classes = {
	};
	objectVersion = 56;
	objects = {

/* Begin PBXBuildFile section */
		07A763292B5BC85300705D31 /* AudioSourceHandler.h in Headers */ = {isa = PBXBuildFile; fileRef = 07A763282B5BC85300705D31 /* AudioSourceHandler.h */; };
		07A7632A2B5BDE4E00705D31 /* AudioSourceHandler.h in Sources */ = {isa = PBXBuildFile; fileRef = 07A763282B5BC85300705D31 /* AudioSourceHandler.h */; };
		07A7633B2B5DAA8A00705D31 /* ChipTuneEngine.h in Headers */ = {isa = PBXBuildFile; fileRef = 07A7633A2B5DAA8A00705D31 /* ChipTuneEngine.h */; };
/* End PBXBuildFile section */

/* Begin PBXFileReference section */
		07A763282B5BC85300705D31 /* AudioSourceHandler.h */ = {isa = PBXFileReference; fileEncoding = 4; lastKnownFileType = sourcecode.c.h; path = AudioSourceHandler.h; sourceTree = "<group>"; };
		07A7633A2B5DAA8A00705D31 /* ChipTuneEngine.h */ = {isa = PBXFileReference; lastKnownFileType = sourcecode.c.h; path = ChipTuneEngine.h; sourceTree = "<group>"; };
		07A7635D2B6AAACF00705D31 /* lib8-Bit Audio Emulator Lib.a */ = {isa = PBXFileReference; explicitFileType = archive.ar; includeInIndex = 0; name = "lib8-Bit Audio Emulator Lib.a"; path = "/Users/rasmusanthin/Documents/xcode/lib/8-Bit Audio Emulator Lib/build/Debug/lib8-Bit Audio Emulator Lib.a"; sourceTree = "<absolute>"; };
/* End PBXFileReference section */

/* Begin PBXFrameworksBuildPhase section */
		07A763192B5B225500705D31 /* Frameworks */ = {
			isa = PBXFrameworksBuildPhase;
			buildActionMask = 2147483647;
			files = (
			);
			runOnlyForDeploymentPostprocessing = 0;
		};
/* End PBXFrameworksBuildPhase section */

/* Begin PBXGroup section */
		07A763122B5B225500705D31 = {
			isa = PBXGroup;
			children = (
				07A7633A2B5DAA8A00705D31 /* ChipTuneEngine.h */,
				07A763282B5BC85300705D31 /* AudioSourceHandler.h */,
			);
			sourceTree = "<group>";
		};
/* End PBXGroup section */

/* Begin PBXHeadersBuildPhase section */
		07A763172B5B225500705D31 /* Headers */ = {
			isa = PBXHeadersBuildPhase;
			buildActionMask = 2147483647;
			files = (
				07A7633B2B5DAA8A00705D31 /* ChipTuneEngine.h in Headers */,
				07A763292B5BC85300705D31 /* AudioSourceHandler.h in Headers */,
			);
			runOnlyForDeploymentPostprocessing = 0;
		};
/* End PBXHeadersBuildPhase section */

/* Begin PBXNativeTarget section */
		07A7631A2B5B225500705D31 /* 8-Bit Audio Emulator Lib */ = {
			isa = PBXNativeTarget;
			buildConfigurationList = 07A7631F2B5B225500705D31 /* Build configuration list for PBXNativeTarget "8-Bit Audio Emulator Lib" */;
			buildPhases = (
				07A763172B5B225500705D31 /* Headers */,
				07A763182B5B225500705D31 /* Sources */,
				07A763192B5B225500705D31 /* Frameworks */,
				07A7632F2B5C0B7C00705D31 /* ShellScript */,
			);
			buildRules = (
			);
			dependencies = (
			);
			name = "8-Bit Audio Emulator Lib";
			productName = "8-Bit Audio Emulator Lib";
			productReference = 07A7635D2B6AAACF00705D31 /* lib8-Bit Audio Emulator Lib.a */;
			productType = "com.apple.product-type.library.static";
		};
/* End PBXNativeTarget section */

/* Begin PBXProject section */
		07A763132B5B225500705D31 /* Project object */ = {
			isa = PBXProject;
			attributes = {
				BuildIndependentTargetsInParallel = 1;
				LastUpgradeCheck = 1520;
				TargetAttributes = {
					07A7631A2B5B225500705D31 = {
						CreatedOnToolsVersion = 15.2;
					};
				};
			};
			buildConfigurationList = 07A763162B5B225500705D31 /* Build configuration list for PBXProject "8-Bit Audio Emulator Lib" */;
			compatibilityVersion = "Xcode 14.0";
			developmentRegion = en;
			hasScannedForEncodings = 0;
			knownRegions = (
				en,
				Base,
			);
			mainGroup = 07A763122B5B225500705D31;
			productRefGroup = 07A763122B5B225500705D31;
			projectDirPath = "";
			projectRoot = "";
			targets = (
				07A7631A2B5B225500705D31 /* 8-Bit Audio Emulator Lib */,
			);
		};
/* End PBXProject section */

/* Begin PBXShellScriptBuildPhase section */
		07A7632F2B5C0B7C00705D31 /* ShellScript */ = {
			isa = PBXShellScriptBuildPhase;
			buildActionMask = 12;
			files = (
			);
			inputFileListPaths = (
			);
			inputPaths = (
			);
			outputFileListPaths = (
			);
			outputPaths = (
			);
			runOnlyForDeploymentPostprocessing = 0;
			shellPath = /bin/sh;
			shellScript = "# Type a script or drag a script file from your workspace to insert its path.\n\n#!/bin/bash\n\nlib_name=\"${EXECUTABLE_NAME}\"\n#lib_name=\"lib8-Bit Audio Emulator Lib.a\"\n\ndst_dir=\"${PROJECT_DIR}/build/${CONFIGURATION}\"\nsrc_dir=\"${BUILT_PRODUCTS_DIR}\"\n\necho \"Copying static library: ${lib_name}\"\necho \"Source directory: ${src_dir}\"\necho \"Destination directory: ${dst_dir}\"\n\n# Create the entire path if it doesn't exist\nmkdir -p \"${dst_dir}\"\n\n# Copy the built static library to the destination directory\ncp \"${src_dir}/${lib_name}\" \"${dst_dir}\"\n\necho \"Copy completed.\"\n";
		};
/* End PBXShellScriptBuildPhase section */

/* Begin PBXSourcesBuildPhase section */
		07A763182B5B225500705D31 /* Sources */ = {
			isa = PBXSourcesBuildPhase;
			buildActionMask = 2147483647;
			files = (
				07A7632A2B5BDE4E00705D31 /* AudioSourceHandler.h in Sources */,
			);
			runOnlyForDeploymentPostprocessing = 0;
		};
/* End PBXSourcesBuildPhase section */

/* Begin XCBuildConfiguration section */
		07A7631D2B5B225500705D31 /* Debug */ = {
			isa = XCBuildConfiguration;
			buildSettings = {
				ALWAYS_SEARCH_USER_PATHS = NO;
				ASSETCATALOG_COMPILER_GENERATE_SWIFT_ASSET_SYMBOL_EXTENSIONS = YES;
				CLANG_ANALYZER_NONNULL = YES;
				CLANG_ANALYZER_NUMBER_OBJECT_CONVERSION = YES_AGGRESSIVE;
				CLANG_CXX_LANGUAGE_STANDARD = "gnu++20";
				CLANG_ENABLE_MODULES = YES;
				CLANG_ENABLE_OBJC_ARC = YES;
				CLANG_ENABLE_OBJC_WEAK = YES;
				CLANG_WARN_BLOCK_CAPTURE_AUTORELEASING = YES;
				CLANG_WARN_BOOL_CONVERSION = YES;
				CLANG_WARN_COMMA = YES;
				CLANG_WARN_CONSTANT_CONVERSION = YES;
				CLANG_WARN_DEPRECATED_OBJC_IMPLEMENTATIONS = YES;
				CLANG_WARN_DIRECT_OBJC_ISA_USAGE = YES_ERROR;
				CLANG_WARN_DOCUMENTATION_COMMENTS = YES;
				CLANG_WARN_EMPTY_BODY = YES;
				CLANG_WARN_ENUM_CONVERSION = YES;
				CLANG_WARN_INFINITE_RECURSION = YES;
				CLANG_WARN_INT_CONVERSION = YES;
				CLANG_WARN_NON_LITERAL_NULL_CONVERSION = YES;
				CLANG_WARN_OBJC_IMPLICIT_RETAIN_SELF = YES;
				CLANG_WARN_OBJC_LITERAL_CONVERSION = YES;
				CLANG_WARN_OBJC_ROOT_CLASS = YES_ERROR;
				CLANG_WARN_QUOTED_INCLUDE_IN_FRAMEWORK_HEADER = YES;
				CLANG_WARN_RANGE_LOOP_ANALYSIS = YES;
				CLANG_WARN_STRICT_PROTOTYPES = YES;
				CLANG_WARN_SUSPICIOUS_MOVE = YES;
				CLANG_WARN_UNGUARDED_AVAILABILITY = YES_AGGRESSIVE;
				CLANG_WARN_UNREACHABLE_CODE = YES;
				CLANG_WARN__DUPLICATE_METHOD_MATCH = YES;
				COPY_PHASE_STRIP = NO;
				DEBUG_INFORMATION_FORMAT = dwarf;
				ENABLE_STRICT_OBJC_MSGSEND = YES;
				ENABLE_TESTABILITY = YES;
				ENABLE_USER_SCRIPT_SANDBOXING = YES;
				GCC_C_LANGUAGE_STANDARD = gnu17;
				GCC_DYNAMIC_NO_PIC = NO;
				GCC_NO_COMMON_BLOCKS = YES;
				GCC_OPTIMIZATION_LEVEL = 0;
				GCC_PREPROCESSOR_DEFINITIONS = (
					"DEBUG=1",
					"$(inherited)",
				);
				GCC_WARN_64_TO_32_BIT_CONVERSION = YES;
				GCC_WARN_ABOUT_RETURN_TYPE = YES_ERROR;
				GCC_WARN_UNDECLARED_SELECTOR = YES;
				GCC_WARN_UNINITIALIZED_AUTOS = YES_AGGRESSIVE;
				GCC_WARN_UNUSED_FUNCTION = YES;
				GCC_WARN_UNUSED_VARIABLE = YES;
				LOCALIZATION_PREFERS_STRING_CATALOGS = YES;
				MACOSX_DEPLOYMENT_TARGET = 14.2;
				MTL_ENABLE_DEBUG_INFO = INCLUDE_SOURCE;
				MTL_FAST_MATH = YES;
				ONLY_ACTIVE_ARCH = YES;
				SDKROOT = macosx;
			};
			name = Debug;
		};
		07A7631E2B5B225500705D31 /* Release */ = {
			isa = XCBuildConfiguration;
			buildSettings = {
				ALWAYS_SEARCH_USER_PATHS = NO;
				ASSETCATALOG_COMPILER_GENERATE_SWIFT_ASSET_SYMBOL_EXTENSIONS = YES;
				CLANG_ANALYZER_NONNULL = YES;
				CLANG_ANALYZER_NUMBER_OBJECT_CONVERSION = YES_AGGRESSIVE;
				CLANG_CXX_LANGUAGE_STANDARD = "gnu++20";
				CLANG_ENABLE_MODULES = YES;
				CLANG_ENABLE_OBJC_ARC = YES;
				CLANG_ENABLE_OBJC_WEAK = YES;
				CLANG_WARN_BLOCK_CAPTURE_AUTORELEASING = YES;
				CLANG_WARN_BOOL_CONVERSION = YES;
				CLANG_WARN_COMMA = YES;
				CLANG_WARN_CONSTANT_CONVERSION = YES;
				CLANG_WARN_DEPRECATED_OBJC_IMPLEMENTATIONS = YES;
				CLANG_WARN_DIRECT_OBJC_ISA_USAGE = YES_ERROR;
				CLANG_WARN_DOCUMENTATION_COMMENTS = YES;
				CLANG_WARN_EMPTY_BODY = YES;
				CLANG_WARN_ENUM_CONVERSION = YES;
				CLANG_WARN_INFINITE_RECURSION = YES;
				CLANG_WARN_INT_CONVERSION = YES;
				CLANG_WARN_NON_LITERAL_NULL_CONVERSION = YES;
				CLANG_WARN_OBJC_IMPLICIT_RETAIN_SELF = YES;
				CLANG_WARN_OBJC_LITERAL_CONVERSION = YES;
				CLANG_WARN_OBJC_ROOT_CLASS = YES_ERROR;
				CLANG_WARN_QUOTED_INCLUDE_IN_FRAMEWORK_HEADER = YES;
				CLANG_WARN_RANGE_LOOP_ANALYSIS = YES;
				CLANG_WARN_STRICT_PROTOTYPES = YES;
				CLANG_WARN_SUSPICIOUS_MOVE = YES;
				CLANG_WARN_UNGUARDED_AVAILABILITY = YES_AGGRESSIVE;
				CLANG_WARN_UNREACHABLE_CODE = YES;
				CLANG_WARN__DUPLICATE_METHOD_MATCH = YES;
				COPY_PHASE_STRIP = NO;
				DEBUG_INFORMATION_FORMAT = "dwarf-with-dsym";
				ENABLE_NS_ASSERTIONS = NO;
				ENABLE_STRICT_OBJC_MSGSEND = YES;
				ENABLE_USER_SCRIPT_SANDBOXING = YES;
				GCC_C_LANGUAGE_STANDARD = gnu17;
				GCC_NO_COMMON_BLOCKS = YES;
				GCC_WARN_64_TO_32_BIT_CONVERSION = YES;
				GCC_WARN_ABOUT_RETURN_TYPE = YES_ERROR;
				GCC_WARN_UNDECLARED_SELECTOR = YES;
				GCC_WARN_UNINITIALIZED_AUTOS = YES_AGGRESSIVE;
				GCC_WARN_UNUSED_FUNCTION = YES;
				GCC_WARN_UNUSED_VARIABLE = YES;
				LOCALIZATION_PREFERS_STRING_CATALOGS = YES;
				MACOSX_DEPLOYMENT_TARGET = 14.2;
				MTL_ENABLE_DEBUG_INFO = NO;
				MTL_FAST_MATH = YES;
				SDKROOT = macosx;
			};
			name = Release;
		};
		07A763202B5B225500705D31 /* Debug */ = {
			isa = XCBuildConfiguration;
			buildSettings = {
				CODE_SIGN_STYLE = Automatic;
				DEVELOPMENT_TEAM = HFL2Q84SZB;
				EXECUTABLE_PREFIX = lib;
				HEADER_SEARCH_PATHS = "";
				PRODUCT_NAME = "$(TARGET_NAME)";
				SKIP_INSTALL = YES;
			};
			name = Debug;
		};
		07A763212B5B225500705D31 /* Release */ = {
			isa = XCBuildConfiguration;
			buildSettings = {
				CODE_SIGN_STYLE = Automatic;
				DEVELOPMENT_TEAM = HFL2Q84SZB;
				EXECUTABLE_PREFIX = lib;
				HEADER_SEARCH_PATHS = "";
				PRODUCT_NAME = "$(TARGET_NAME)";
				SKIP_INSTALL = YES;
			};
			name = Release;
		};
/* End XCBuildConfiguration section */

/* Begin XCConfigurationList section */
		07A763162B5B225500705D31 /* Build configuration list for PBXProject "8-Bit Audio Emulator Lib" */ = {
			isa = XCConfigurationList;
			buildConfigurations = (
				07A7631D2B5B225500705D31 /* Debug */,
				07A7631E2B5B225500705D31 /* Release */,
			);
			defaultConfigurationIsVisible = 0;
			defaultConfigurationName = Release;
		};
		07A7631F2B5B225500705D31 /* Build configuration list for PBXNativeTarget "8-Bit Audio Emulator Lib" */ = {
			isa = XCConfigurationList;
			buildConfigurations = (
				07A763202B5B225500705D31 /* Debug */,
				07A763212B5B225500705D31 /* Release */,
			);
			defaultConfigurationIsVisible = 0;
			defaultConfigurationName = Release;
		};
/* End XCConfigurationList section */
	};
	rootObject = 07A763132B5B225500705D31 /* Project object */;
}
